
Microsoft Visual Studio Solution File, Format Version 12.00
# Visual Studio Version 17
VisualStudioVersion = 17.4.33103.184
MinimumVisualStudioVersion = 10.0.40219.1
Project("{FAE04EC0-301F-11D3-BF4B-00C04F79EFBC}") = "Thiccdal.Server", "Thiccdal.Server\Thiccdal.Server.csproj", "{CF8C83F4-A4FA-4995-8709-85E5624FD96A}"
EndProject
Global
	GlobalSection(SolutionConfigurationPlatforms) = preSolution
		Debug|Any CPU = Debug|Any CPU
		Release|Any CPU = Release|Any CPU
	EndGlobalSection
	GlobalSection(ProjectConfigurationPlatforms) = postSolution
		{CF8C83F4-A4FA-4995-8709-85E5624FD96A}.Debug|Any CPU.ActiveCfg = Debug|Any CPU
		{CF8C83F4-A4FA-4995-8709-85E5624FD96A}.Debug|Any CPU.Build.0 = Debug|Any CPU
		{CF8C83F4-A4FA-4995-8709-85E5624FD96A}.Release|Any CPU.ActiveCfg = Release|Any CPU
		{CF8C83F4-A4FA-4995-8709-85E5624FD96A}.Release|Any CPU.Build.0 = Release|Any CPU
	EndGlobalSection
	GlobalSection(SolutionProperties) = preSolution
		HideSolutionNode = FALSE
	EndGlobalSection
	GlobalSection(ExtensibilityGlobals) = postSolution
		SolutionGuid = {3D7830E9-6686-412E-8529-75ECC7EE4764}
	EndGlobalSection
EndGlobal
